#
# This file is autogenerated by pip-compile with Python 3.14
# by the following command:
#
#    pip-compile --output-file=requirements.lock pyproject.toml
#
annotated-doc==0.0.4
    # via
    #   fastapi
    #   typer
annotated-types==0.7.0
    # via pydantic
anyio==4.13.0
    # via
    #   httpx
    #   starlette
    #   watchfiles
av==17.0.0
    # via meeting-scribe (pyproject.toml)
certifi==2026.4.22
    # via
    #   httpcore
    #   httpx
cffi==2.0.0
    # via soundfile
click==8.3.3
    # via
    #   meeting-scribe (pyproject.toml)
    #   typer
    #   uvicorn
cuda-bindings==13.2.0
    # via torch
cuda-pathfinder==1.5.4
    # via cuda-bindings
cuda-toolkit[cublas,cudart,cufft,cufile,cupti,curand,cusolver,cusparse,nvjitlink,nvrtc,nvtx]==13.0.2
    # via torch
deprecated==1.3.1
    # via pykakasi
fastapi==0.136.1
    # via meeting-scribe (pyproject.toml)
filelock==3.29.0
    # via
    #   huggingface-hub
    #   torch
fsspec==2026.4.0
    # via
    #   huggingface-hub
    #   torch
h11==0.16.0
    # via
    #   httpcore
    #   uvicorn
hf-xet==1.4.3
    # via huggingface-hub
httpcore==1.0.9
    # via httpx
httptools==0.7.1
    # via uvicorn
httpx==0.28.1
    # via
    #   huggingface-hub
    #   meeting-scribe (pyproject.toml)
huggingface-hub[cli]==1.13.0
    # via
    #   huggingface-hub
    #   meeting-scribe (pyproject.toml)
idna==3.13
    # via
    #   anyio
    #   httpx
jaconv==0.5.0
    # via pykakasi
jinja2==3.1.6
    # via torch
lxml==6.1.0
    # via python-pptx
markdown-it-py==4.0.0
    # via rich
markupsafe==3.0.3
    # via jinja2
mdurl==0.1.2
    # via markdown-it-py
mpmath==1.3.0
    # via sympy
networkx==3.6.1
    # via torch
numpy==2.4.4
    # via
    #   meeting-scribe (pyproject.toml)
    #   soundfile
nvidia-cublas==13.1.0.3
    # via
    #   cuda-toolkit
    #   nvidia-cudnn-cu13
    #   nvidia-cusolver
nvidia-cuda-cupti==13.0.85
    # via cuda-toolkit
nvidia-cuda-nvrtc==13.0.88
    # via cuda-toolkit
nvidia-cuda-runtime==13.0.96
    # via cuda-toolkit
nvidia-cudnn-cu13==9.19.0.56
    # via torch
nvidia-cufft==12.0.0.61
    # via cuda-toolkit
nvidia-cufile==1.15.1.6
    # via cuda-toolkit
nvidia-curand==10.4.0.35
    # via cuda-toolkit
nvidia-cusolver==12.0.4.66
    # via cuda-toolkit
nvidia-cusparse==12.6.3.3
    # via
    #   cuda-toolkit
    #   nvidia-cusolver
nvidia-cusparselt-cu13==0.8.0
    # via torch
nvidia-nccl-cu13==2.28.9
    # via torch
nvidia-nvjitlink==13.0.88
    # via
    #   cuda-toolkit
    #   nvidia-cufft
    #   nvidia-cusolver
    #   nvidia-cusparse
nvidia-nvshmem-cu13==3.4.5
    # via torch
nvidia-nvtx==13.0.85
    # via cuda-toolkit
packaging==26.2
    # via huggingface-hub
pillow==12.2.0
    # via
    #   python-pptx
    #   qrcode
pycparser==3.0
    # via cffi
pydantic==2.13.3
    # via
    #   fastapi
    #   meeting-scribe (pyproject.toml)
pydantic-core==2.46.3
    # via pydantic
pygments==2.20.0
    # via rich
pykakasi==2.3.0
    # via meeting-scribe (pyproject.toml)
python-dotenv==1.2.2
    # via uvicorn
python-multipart==0.0.27
    # via meeting-scribe (pyproject.toml)
python-pptx==1.0.2
    # via meeting-scribe (pyproject.toml)
pyyaml==6.0.3
    # via
    #   huggingface-hub
    #   meeting-scribe (pyproject.toml)
    #   uvicorn
qrcode[pil]==8.2
    # via meeting-scribe (pyproject.toml)
rich==15.0.0
    # via typer
shellingham==1.5.4
    # via typer
soundfile==0.13.1
    # via meeting-scribe (pyproject.toml)
starlette==1.0.0
    # via fastapi
sympy==1.14.0
    # via torch
torch==2.11.0
    # via meeting-scribe (pyproject.toml)
torchaudio==2.11.0
    # via meeting-scribe (pyproject.toml)
tqdm==4.67.3
    # via huggingface-hub
triton==3.6.0
    # via torch
typer==0.25.1
    # via huggingface-hub
typing-extensions==4.15.0
    # via
    #   fastapi
    #   huggingface-hub
    #   pydantic
    #   pydantic-core
    #   python-pptx
    #   torch
    #   typing-inspection
typing-inspection==0.4.2
    # via
    #   fastapi
    #   pydantic
uvicorn[standard]==0.46.0
    # via meeting-scribe (pyproject.toml)
uvloop==0.22.1
    # via uvicorn
watchfiles==1.1.1
    # via uvicorn
websockets==16.0
    # via uvicorn
wrapt==2.1.2
    # via deprecated
xlsxwriter==3.2.9
    # via python-pptx

# The following packages are considered to be unsafe in a requirements file:
# setuptools
